
Microsoft Visual Studio Solution File, Format Version 12.00
# Visual Studio Version 16
VisualStudioVersion = 16.0.31729.503
MinimumVisualStudioVersion = 10.0.40219.1
Project("{9A19103F-16F7-4668-BE54-9A1E7A4F7556}") = "SparseMatrixTask", "SparseMatrix\SparseMatrixTask.csproj", "{D43E8533-C847-4387-AAC2-322B8C90FE84}"
EndProject
Project("{9A19103F-16F7-4668-BE54-9A1E7A4F7556}") = "BookTask", "BookTask\BookTask.csproj", "{881D5FB9-1FF6-4D04-91EB-EB78B1EA97CC}"
EndProject
Project("{FAE04EC0-301F-11D3-BF4B-00C04F79EFBC}") = "VacationTask", "VacationTask\VacationTask.csproj", "{FD7D2624-75A7-4170-BE36-82A40591D1E0}"
EndProject
Global
	GlobalSection(SolutionConfigurationPlatforms) = preSolution
		Debug|Any CPU = Debug|Any CPU
		Release|Any CPU = Release|Any CPU
	EndGlobalSection
	GlobalSection(ProjectConfigurationPlatforms) = postSolution
		{D43E8533-C847-4387-AAC2-322B8C90FE84}.Debug|Any CPU.ActiveCfg = Debug|Any CPU
		{D43E8533-C847-4387-AAC2-322B8C90FE84}.Debug|Any CPU.Build.0 = Debug|Any CPU
		{D43E8533-C847-4387-AAC2-322B8C90FE84}.Release|Any CPU.ActiveCfg = Release|Any CPU
		{D43E8533-C847-4387-AAC2-322B8C90FE84}.Release|Any CPU.Build.0 = Release|Any CPU
		{881D5FB9-1FF6-4D04-91EB-EB78B1EA97CC}.Debug|Any CPU.ActiveCfg = Debug|Any CPU
		{881D5FB9-1FF6-4D04-91EB-EB78B1EA97CC}.Debug|Any CPU.Build.0 = Debug|Any CPU
		{881D5FB9-1FF6-4D04-91EB-EB78B1EA97CC}.Release|Any CPU.ActiveCfg = Release|Any CPU
		{881D5FB9-1FF6-4D04-91EB-EB78B1EA97CC}.Release|Any CPU.Build.0 = Release|Any CPU
		{FD7D2624-75A7-4170-BE36-82A40591D1E0}.Debug|Any CPU.ActiveCfg = Debug|Any CPU
		{FD7D2624-75A7-4170-BE36-82A40591D1E0}.Debug|Any CPU.Build.0 = Debug|Any CPU
		{FD7D2624-75A7-4170-BE36-82A40591D1E0}.Release|Any CPU.ActiveCfg = Release|Any CPU
		{FD7D2624-75A7-4170-BE36-82A40591D1E0}.Release|Any CPU.Build.0 = Release|Any CPU
	EndGlobalSection
	GlobalSection(SolutionProperties) = preSolution
		HideSolutionNode = FALSE
	EndGlobalSection
	GlobalSection(ExtensibilityGlobals) = postSolution
		SolutionGuid = {04339F63-D321-4F8B-B640-E2B7B00797BE}
	EndGlobalSection
EndGlobal
